
Microsoft Visual Studio Solution File, Format Version 12.00
Project("{FAE04EC0-301F-11D3-BF4B-00C04F79EFBC}") = "Greedy", "Greedy\Greedy.csproj", "{5D0C1C9A-01CF-4F21-8E3A-997290F734DE}"
EndProject
Project("{FAE04EC0-301F-11D3-BF4B-00C04F79EFBC}") = "Greedy.Tests", "Greedy.Tests\Greedy.Tests.csproj", "{36178C4F-8477-495A-92BC-D8AF1CC64B6A}"
EndProject
Project("{FAE04EC0-301F-11D3-BF4B-00C04F79EFBC}") = "Greedy.WebApi", "Greedy.WebApi\Greedy.WebApi.csproj", "{8C7779D7-3DF6-4CE6-AB8E-E1817617BFB6}"
EndProject
Project("{FAE04EC0-301F-11D3-BF4B-00C04F79EFBC}") = "Greedy.WebTests", "Greedy.WebTests\Greedy.WebTests.csproj", "{BBECCBAB-FF22-4D4B-80AA-DC275DADBD66}"
EndProject
Project("{FAE04EC0-301F-11D3-BF4B-00C04F79EFBC}") = "Greedy.SpaTests", "Greedy.SpaTests\Greedy.SpaTests.csproj", "{8F53ED31-033E-45FA-9700-9CD3DC29D6D2}"
EndProject
Project("{FAE04EC0-301F-11D3-BF4B-00C04F79EFBC}") = "Greedy.Spa", "Greedy.Spa\Greedy.Spa.csproj", "{7B3CA627-136C-481F-A55D-02E3434E1835}"
EndProject
Project("{2150E333-8FDC-42A3-9474-1A3956D46DE8}") = "src", "src", "{88DC3DC0-4EC0-4073-A2C8-D03FFDACA728}"
EndProject
Project("{2150E333-8FDC-42A3-9474-1A3956D46DE8}") = "tests", "tests", "{429E4E3B-7CDB-4ABE-96DB-EBFF4494B3B3}"
EndProject
Project("{2150E333-8FDC-42A3-9474-1A3956D46DE8}") = ".github", ".github", "{A6E29EB8-B644-41A8-A5DF-D06369BC4797}"
EndProject
Global
	GlobalSection(SolutionConfigurationPlatforms) = preSolution
		Debug|Any CPU = Debug|Any CPU
		Release|Any CPU = Release|Any CPU
	EndGlobalSection
	GlobalSection(ProjectConfigurationPlatforms) = postSolution
		{5D0C1C9A-01CF-4F21-8E3A-997290F734DE}.Debug|Any CPU.ActiveCfg = Debug|Any CPU
		{5D0C1C9A-01CF-4F21-8E3A-997290F734DE}.Debug|Any CPU.Build.0 = Debug|Any CPU
		{5D0C1C9A-01CF-4F21-8E3A-997290F734DE}.Release|Any CPU.ActiveCfg = Release|Any CPU
		{5D0C1C9A-01CF-4F21-8E3A-997290F734DE}.Release|Any CPU.Build.0 = Release|Any CPU
		{36178C4F-8477-495A-92BC-D8AF1CC64B6A}.Debug|Any CPU.ActiveCfg = Debug|Any CPU
		{36178C4F-8477-495A-92BC-D8AF1CC64B6A}.Debug|Any CPU.Build.0 = Debug|Any CPU
		{36178C4F-8477-495A-92BC-D8AF1CC64B6A}.Release|Any CPU.ActiveCfg = Release|Any CPU
		{36178C4F-8477-495A-92BC-D8AF1CC64B6A}.Release|Any CPU.Build.0 = Release|Any CPU
		{8C7779D7-3DF6-4CE6-AB8E-E1817617BFB6}.Debug|Any CPU.ActiveCfg = Debug|Any CPU
		{8C7779D7-3DF6-4CE6-AB8E-E1817617BFB6}.Debug|Any CPU.Build.0 = Debug|Any CPU
		{8C7779D7-3DF6-4CE6-AB8E-E1817617BFB6}.Release|Any CPU.ActiveCfg = Release|Any CPU
		{8C7779D7-3DF6-4CE6-AB8E-E1817617BFB6}.Release|Any CPU.Build.0 = Release|Any CPU
		{BBECCBAB-FF22-4D4B-80AA-DC275DADBD66}.Debug|Any CPU.ActiveCfg = Debug|Any CPU
		{BBECCBAB-FF22-4D4B-80AA-DC275DADBD66}.Debug|Any CPU.Build.0 = Debug|Any CPU
		{BBECCBAB-FF22-4D4B-80AA-DC275DADBD66}.Release|Any CPU.ActiveCfg = Release|Any CPU
		{BBECCBAB-FF22-4D4B-80AA-DC275DADBD66}.Release|Any CPU.Build.0 = Release|Any CPU
		{8F53ED31-033E-45FA-9700-9CD3DC29D6D2}.Debug|Any CPU.ActiveCfg = Debug|Any CPU
		{8F53ED31-033E-45FA-9700-9CD3DC29D6D2}.Debug|Any CPU.Build.0 = Debug|Any CPU
		{8F53ED31-033E-45FA-9700-9CD3DC29D6D2}.Release|Any CPU.ActiveCfg = Release|Any CPU
		{8F53ED31-033E-45FA-9700-9CD3DC29D6D2}.Release|Any CPU.Build.0 = Release|Any CPU
		{8D18B412-D7D5-4DC3-B73B-FAB2853B7061}.Debug|Any CPU.ActiveCfg = Debug|Any CPU
		{8D18B412-D7D5-4DC3-B73B-FAB2853B7061}.Debug|Any CPU.Build.0 = Debug|Any CPU
		{8D18B412-D7D5-4DC3-B73B-FAB2853B7061}.Release|Any CPU.ActiveCfg = Release|Any CPU
		{8D18B412-D7D5-4DC3-B73B-FAB2853B7061}.Release|Any CPU.Build.0 = Release|Any CPU
		{7B3CA627-136C-481F-A55D-02E3434E1835}.Debug|Any CPU.ActiveCfg = Debug|Any CPU
		{7B3CA627-136C-481F-A55D-02E3434E1835}.Debug|Any CPU.Build.0 = Debug|Any CPU
		{7B3CA627-136C-481F-A55D-02E3434E1835}.Release|Any CPU.ActiveCfg = Release|Any CPU
		{7B3CA627-136C-481F-A55D-02E3434E1835}.Release|Any CPU.Build.0 = Release|Any CPU
	EndGlobalSection
	GlobalSection(NestedProjects) = preSolution
		{5D0C1C9A-01CF-4F21-8E3A-997290F734DE} = {88DC3DC0-4EC0-4073-A2C8-D03FFDACA728}
		{7B3CA627-136C-481F-A55D-02E3434E1835} = {88DC3DC0-4EC0-4073-A2C8-D03FFDACA728}
		{8C7779D7-3DF6-4CE6-AB8E-E1817617BFB6} = {88DC3DC0-4EC0-4073-A2C8-D03FFDACA728}
		{8F53ED31-033E-45FA-9700-9CD3DC29D6D2} = {429E4E3B-7CDB-4ABE-96DB-EBFF4494B3B3}
		{36178C4F-8477-495A-92BC-D8AF1CC64B6A} = {429E4E3B-7CDB-4ABE-96DB-EBFF4494B3B3}
		{BBECCBAB-FF22-4D4B-80AA-DC275DADBD66} = {429E4E3B-7CDB-4ABE-96DB-EBFF4494B3B3}
	EndGlobalSection
EndGlobal
